
Microsoft Visual Studio Solution File, Format Version 12.00
# Visual Studio Version 17
VisualStudioVersion = 17.5.002.0
MinimumVisualStudioVersion = 10.0.40219.1
Project("{9A19103F-16F7-4668-BE54-9A1E7A4F7556}") = "4 end points", "4 end points.csproj", "{4E3B4B6E-CF5C-4328-BE15-94758F4BE1BD}"
EndProject
Global
	GlobalSection(SolutionConfigurationPlatforms) = preSolution
		Debug|Any CPU = Debug|Any CPU
		Release|Any CPU = Release|Any CPU
	EndGlobalSection
	GlobalSection(ProjectConfigurationPlatforms) = postSolution
		{4E3B4B6E-CF5C-4328-BE15-94758F4BE1BD}.Debug|Any CPU.ActiveCfg = Debug|Any CPU
		{4E3B4B6E-CF5C-4328-BE15-94758F4BE1BD}.Debug|Any CPU.Build.0 = Debug|Any CPU
		{4E3B4B6E-CF5C-4328-BE15-94758F4BE1BD}.Release|Any CPU.ActiveCfg = Release|Any CPU
		{4E3B4B6E-CF5C-4328-BE15-94758F4BE1BD}.Release|Any CPU.Build.0 = Release|Any CPU
	EndGlobalSection
	GlobalSection(SolutionProperties) = preSolution
		HideSolutionNode = FALSE
	EndGlobalSection
	GlobalSection(ExtensibilityGlobals) = postSolution
		SolutionGuid = {860B41A5-6D61-460B-8E25-AC9D45FD4E65}
	EndGlobalSection
EndGlobal
